github.com/MicahParks/keyfunc v1.0.1 h1:BIKfiyELXV0A8SRCHQaByJW0s71xXpArhzfTS3uf26c=
github.com/MicahParks/keyfunc v1.0.1/go.mod h1:R8RZa27qn+5cHTfYLJ9/+7aSb5JIdz7cl0XFo0o4muo=
github.com/MicahParks/keyfunc v1.0.3 h1:rKakzF/Gd2QjFPCqSG9SshrWs0oRZffc/c4pVjCXDr0=
github.com/MicahParks/keyfunc v1.0.3/go.mod h1:R8RZa27qn+5cHTfYLJ9/+7aSb5JIdz7cl0XFo0o4muo=
github.com/MicahParks/keyfunc v1.1.0 h1:9NcnRwS0ciuVeVNi+vTdYVMTmk62OID7VlG6y9BgLK0=
github.com/MicahParks/keyfunc v1.1.0/go.mod h1:a4yfunv77gZ0RgTNw7tOYS+bjtHk5565e+1dPz+YJI8=
github.com/golang-jwt/jwt/v4 v4.1.0/go.mod h1:/xlHOz8bRuivTWchD4jCa+NbatV+wEUSzwAxVc6locg=
github.com/golang-jwt/jwt/v4 v4.3.0 h1:kHL1vqdqWNfATmA0FNMdmZNMyZI1U6O31X4rlIPoBog=
github.com/golang-jwt/jwt/v4 v4.3.0/go.mod h1:/xlHOz8bRuivTWchD4jCa+NbatV+wEUSzwAxVc6locg=
github.com/golang-jwt/jwt/v4 v4.4.0 h1:EmVIxB5jzbllGIjiCV5JG4VylbK3KE400tLGLI1cdfU=
github.com/golang-jwt/jwt/v4 v4.4.0/go.mod h1:/xlHOz8bRuivTWchD4jCa+NbatV+wEUSzwAxVc6locg=
github.com/golang-jwt/jwt/v4 v4.4.1 h1:pC5DB52sCeK48Wlb9oPcdhnjkz1TKt1D/P7WKJ0kUcQ=
github.com/golang-jwt/jwt/v4 v4.4.1/go.mod h1:m21LjoU+eqJr34lmDMbreY2eSTRJ1cv77w39/MY0Ch0=
github.com/golang-jwt/jwt/v4 v4.4.2 h1:rcc4lwaZgFMCZ5jxF9ABolDcIHdBytAFgqFPbSJQAYs=
github.com/golang-jwt/jwt/v4 v4.4.2/go.mod h1:m21LjoU+eqJr34lmDMbreY2eSTRJ1cv77w39/MY0Ch0=
