github.com/MicahParks/keyfunc v1.0.1 h1:BIKfiyELXV0A8SRCHQaByJW0s71xXpArhzfTS3uf26c=
github.com/MicahParks/keyfunc v1.0.1/go.mod h1:R8RZa27qn+5cHTfYLJ9/+7aSb5JIdz7cl0XFo0o4muo=
github.com/MicahParks/keyfunc v1.0.3 h1:rKakzF/Gd2QjFPCqSG9SshrWs0oRZffc/c4pVjCXDr0=
github.com/MicahParks/keyfunc v1.0.3/go.mod h1:R8RZa27qn+5cHTfYLJ9/+7aSb5JIdz7cl0XFo0o4muo=
github.com/MicahParks/keyfunc v1.1.0 h1:9NcnRwS0ciuVeVNi+vTdYVMTmk62OID7VlG6y9BgLK0=
github.com/MicahParks/keyfunc v1.1.0/go.mod h1:a4yfunv77gZ0RgTNw7tOYS+bjtHk5565e+1dPz+YJI8=
github.com/MicahParks/keyfunc v1.2.0 h1:qiUfvtvvcoS0JXcHtoqglT29WyvuL0l3tkBlzp0QmsU=
github.com/MicahParks/keyfunc v1.2.0/go.mod h1:a4yfunv77gZ0RgTNw7tOYS+bjtHk5565e+1dPz+YJI8=
github.com/MicahParks/keyfunc v1.2.2 h1:MtA/6bnmhcyDMarVF9QRQmfKg1ssKxH1C+k3Gw8DY1g=
github.com/MicahParks/keyfunc v1.2.2/go.mod h1:GWZYIBflWXRPShQPMFRrUg+8buvyD0IWeg3Fi2rcrME=
github.com/MicahParks/keyfunc v1.3.0 h1:+3nQWlJ3UYdAr1syqHjF3cRE+pWCOCFCqCo2allP8oM=
github.com/MicahParks/keyfunc v1.3.0/go.mod h1:GWZYIBflWXRPShQPMFRrUg+8buvyD0IWeg3Fi2rcrME=
github.com/MicahParks/keyfunc v1.4.0 h1:/qTnDiQJSM0pkUvKRVb82jvvm0SAOffAqKSIrgUqwdI=
github.com/MicahParks/keyfunc v1.4.0/go.mod h1:IdnCilugA0O/99dW+/MkvlyrsX8+L8+x95xuVNtM5jw=
github.com/MicahParks/keyfunc v1.5.1 h1:RlyyYgKQI/adkIw1yXYtPvTAOb7hBhSX42aH23d8N0Q=
github.com/MicahParks/keyfunc v1.5.1/go.mod h1:IdnCilugA0O/99dW+/MkvlyrsX8+L8+x95xuVNtM5jw=
github.com/MicahParks/keyfunc v1.5.2 h1:Ld/UbCEJ3hIn6RRWEQXCr6n/GCagaupbHIsV3K2ll2E=
github.com/MicahParks/keyfunc v1.5.2/go.mod h1:IdnCilugA0O/99dW+/MkvlyrsX8+L8+x95xuVNtM5jw=
github.com/MicahParks/keyfunc v1.5.3 h1:Y+mv+kX3HtL7/dCXXzK4bIDBHg91eunnGGkdndO0RWk=
github.com/MicahParks/keyfunc v1.5.3/go.mod h1:IdnCilugA0O/99dW+/MkvlyrsX8+L8+x95xuVNtM5jw=
github.com/MicahParks/keyfunc v1.6.0 h1:VsoMTaQDCxaEYhlYVmuqkOopsDx12/XqIgJIz7cl/0g=
github.com/MicahParks/keyfunc v1.6.0/go.mod h1:IdnCilugA0O/99dW+/MkvlyrsX8+L8+x95xuVNtM5jw=
github.com/MicahParks/keyfunc v1.7.0 h1:LBd4tBj6FwGs2S4GXniQbgrG0PXzIldyGDKWch8slhg=
github.com/MicahParks/keyfunc v1.7.0/go.mod h1:IdnCilugA0O/99dW+/MkvlyrsX8+L8+x95xuVNtM5jw=
github.com/MicahParks/keyfunc v1.8.0 h1:1quN2WvF235s6cclwW1jqi9qfyHr6d/9PmzVxCTQM0Q=
github.com/MicahParks/keyfunc v1.8.0/go.mod h1:IdnCilugA0O/99dW+/MkvlyrsX8+L8+x95xuVNtM5jw=
github.com/MicahParks/keyfunc v1.9.0 h1:lhKd5xrFHLNOWrDc4Tyb/Q1AJ4LCzQ48GVJyVIID3+o=
github.com/MicahParks/keyfunc v1.9.0/go.mod h1:IdnCilugA0O/99dW+/MkvlyrsX8+L8+x95xuVNtM5jw=
github.com/golang-jwt/jwt/v4 v4.1.0/go.mod h1:/xlHOz8bRuivTWchD4jCa+NbatV+wEUSzwAxVc6locg=
github.com/golang-jwt/jwt/v4 v4.3.0 h1:kHL1vqdqWNfATmA0FNMdmZNMyZI1U6O31X4rlIPoBog=
github.com/golang-jwt/jwt/v4 v4.3.0/go.mod h1:/xlHOz8bRuivTWchD4jCa+NbatV+wEUSzwAxVc6locg=
github.com/golang-jwt/jwt/v4 v4.4.0 h1:EmVIxB5jzbllGIjiCV5JG4VylbK3KE400tLGLI1cdfU=
github.com/golang-jwt/jwt/v4 v4.4.0/go.mod h1:/xlHOz8bRuivTWchD4jCa+NbatV+wEUSzwAxVc6locg=
github.com/golang-jwt/jwt/v4 v4.4.1 h1:pC5DB52sCeK48Wlb9oPcdhnjkz1TKt1D/P7WKJ0kUcQ=
github.com/golang-jwt/jwt/v4 v4.4.1/go.mod h1:m21LjoU+eqJr34lmDMbreY2eSTRJ1cv77w39/MY0Ch0=
github.com/golang-jwt/jwt/v4 v4.4.2 h1:rcc4lwaZgFMCZ5jxF9ABolDcIHdBytAFgqFPbSJQAYs=
github.com/golang-jwt/jwt/v4 v4.4.2/go.mod h1:m21LjoU+eqJr34lmDMbreY2eSTRJ1cv77w39/MY0Ch0=
github.com/golang-jwt/jwt/v4 v4.4.3 h1:Hxl6lhQFj4AnOX6MLrsCb/+7tCj7DxP7VA+2rDIq5AU=
github.com/golang-jwt/jwt/v4 v4.4.3/go.mod h1:m21LjoU+eqJr34lmDMbreY2eSTRJ1cv77w39/MY0Ch0=
github.com/golang-jwt/jwt/v4 v4.5.0 h1:7cYmW1XlMY7h7ii7UhUyChSgS5wUJEnm9uZVTGqOWzg=
github.com/golang-jwt/jwt/v4 v4.5.0/go.mod h1:m21LjoU+eqJr34lmDMbreY2eSTRJ1cv77w39/MY0Ch0=
